// !$*UTF8*$!
{
	archiveVersion = 1;
	classes = {
	};
	objectVersion = 56;
	objects = {

/* Begin PBXBuildFile section */
		37B04B7A29E4F4720014433B /* Spotlight.swift in Sources */ = {isa = PBXBuildFile; fileRef = 37B04B7929E4F4720014433B /* Spotlight.swift */; };
		3E2301ED29E7D235009D8B7A /* MapView.swift in Sources */ = {isa = PBXBuildFile; fileRef = 3E2301EC29E7D235009D8B7A /* MapView.swift */; };
		3E2F949329DE7E9700A03B0B /* ResultView.swift in Sources */ = {isa = PBXBuildFile; fileRef = 3E2F949229DE7E9700A03B0B /* ResultView.swift */; };
		3E2F949529DEA0CF00A03B0B /* PrimaryButton.swift in Sources */ = {isa = PBXBuildFile; fileRef = 3E2F949429DEA0CF00A03B0B /* PrimaryButton.swift */; };
		3E2F949729DEA45B00A03B0B /* Color+Ext.swift in Sources */ = {isa = PBXBuildFile; fileRef = 3E2F949629DEA45B00A03B0B /* Color+Ext.swift */; };
		3E2F949929DEB31200A03B0B /* SecondaryButton.swift in Sources */ = {isa = PBXBuildFile; fileRef = 3E2F949829DEB31200A03B0B /* SecondaryButton.swift */; };
		3E635A5E29E85761001989EA /* View+RoundedCorner.swift in Sources */ = {isa = PBXBuildFile; fileRef = 3E635A5D29E85761001989EA /* View+RoundedCorner.swift */; };
		3E635A6029E8578D001989EA /* View+Hidden.swift in Sources */ = {isa = PBXBuildFile; fileRef = 3E635A5F29E8578D001989EA /* View+Hidden.swift */; };
		3E635A6329E85A3A001989EA /* Question.swift in Sources */ = {isa = PBXBuildFile; fileRef = 3E635A6229E85A3A001989EA /* Question.swift */; };
		3E635A6529E85AD6001989EA /* QuestionViewModel.swift in Sources */ = {isa = PBXBuildFile; fileRef = 3E635A6429E85AD6001989EA /* QuestionViewModel.swift */; };
		3ED1099829EFC08900AB8BAF /* VideoView.swift in Sources */ = {isa = PBXBuildFile; fileRef = 3ED1099729EFC08900AB8BAF /* VideoView.swift */; };
		3ED1099A29EFC16C00AB8BAF /* answer1.mov in Resources */ = {isa = PBXBuildFile; fileRef = 3ED1099929EFC16C00AB8BAF /* answer1.mov */; };
		3ED109B329F0490C00AB8BAF /* correct.mp3 in Resources */ = {isa = PBXBuildFile; fileRef = 3ED109B029F0490C00AB8BAF /* correct.mp3 */; };
		3ED109B429F0490C00AB8BAF /* play.mp3 in Resources */ = {isa = PBXBuildFile; fileRef = 3ED109B129F0490C00AB8BAF /* play.mp3 */; };
		3ED109B529F0490C00AB8BAF /* wrong.mp3 in Resources */ = {isa = PBXBuildFile; fileRef = 3ED109B229F0490C00AB8BAF /* wrong.mp3 */; };
		3ED109B829F04DCC00AB8BAF /* PlaySound.swift in Sources */ = {isa = PBXBuildFile; fileRef = 3ED109B729F04DCC00AB8BAF /* PlaySound.swift */; };
		3EF23C8329DAC07900189F8D /* SlideMathApp.swift in Sources */ = {isa = PBXBuildFile; fileRef = 3EF23C8229DAC07900189F8D /* SlideMathApp.swift */; };
		3EF23C8729DAC07A00189F8D /* Assets.xcassets in Resources */ = {isa = PBXBuildFile; fileRef = 3EF23C8629DAC07A00189F8D /* Assets.xcassets */; };
		3EF23C8A29DAC07A00189F8D /* Preview Assets.xcassets in Resources */ = {isa = PBXBuildFile; fileRef = 3EF23C8929DAC07A00189F8D /* Preview Assets.xcassets */; };
		887DCCEE29E7F9D00083653A /* CustomSlider.swift in Sources */ = {isa = PBXBuildFile; fileRef = 887DCCED29E7F9D00083653A /* CustomSlider.swift */; };
		887DCCF029E7FBD70083653A /* MainView.swift in Sources */ = {isa = PBXBuildFile; fileRef = 887DCCEF29E7FBD70083653A /* MainView.swift */; };
		889CBB2729E2E372005039CF /* QuestionView.swift in Sources */ = {isa = PBXBuildFile; fileRef = 889CBB2629E2E372005039CF /* QuestionView.swift */; };
/* End PBXBuildFile section */

/* Begin PBXFileReference section */
		37B04B7929E4F4720014433B /* Spotlight.swift */ = {isa = PBXFileReference; lastKnownFileType = sourcecode.swift; path = Spotlight.swift; sourceTree = "<group>"; };
		3E2301EC29E7D235009D8B7A /* MapView.swift */ = {isa = PBXFileReference; fileEncoding = 4; lastKnownFileType = sourcecode.swift; path = MapView.swift; sourceTree = "<group>"; };
		3E2F949229DE7E9700A03B0B /* ResultView.swift */ = {isa = PBXFileReference; lastKnownFileType = sourcecode.swift; path = ResultView.swift; sourceTree = "<group>"; };
		3E2F949429DEA0CF00A03B0B /* PrimaryButton.swift */ = {isa = PBXFileReference; lastKnownFileType = sourcecode.swift; path = PrimaryButton.swift; sourceTree = "<group>"; };
		3E2F949629DEA45B00A03B0B /* Color+Ext.swift */ = {isa = PBXFileReference; lastKnownFileType = sourcecode.swift; path = "Color+Ext.swift"; sourceTree = "<group>"; };
		3E2F949829DEB31200A03B0B /* SecondaryButton.swift */ = {isa = PBXFileReference; lastKnownFileType = sourcecode.swift; path = SecondaryButton.swift; sourceTree = "<group>"; };
		3E635A5D29E85761001989EA /* View+RoundedCorner.swift */ = {isa = PBXFileReference; lastKnownFileType = sourcecode.swift; path = "View+RoundedCorner.swift"; sourceTree = "<group>"; };
		3E635A5F29E8578D001989EA /* View+Hidden.swift */ = {isa = PBXFileReference; lastKnownFileType = sourcecode.swift; path = "View+Hidden.swift"; sourceTree = "<group>"; };
		3E635A6229E85A3A001989EA /* Question.swift */ = {isa = PBXFileReference; lastKnownFileType = sourcecode.swift; path = Question.swift; sourceTree = "<group>"; };
		3E635A6429E85AD6001989EA /* QuestionViewModel.swift */ = {isa = PBXFileReference; lastKnownFileType = sourcecode.swift; path = QuestionViewModel.swift; sourceTree = "<group>"; };
		3ED1099729EFC08900AB8BAF /* VideoView.swift */ = {isa = PBXFileReference; lastKnownFileType = sourcecode.swift; path = VideoView.swift; sourceTree = "<group>"; };
		3ED1099929EFC16C00AB8BAF /* answer1.mov */ = {isa = PBXFileReference; lastKnownFileType = video.quicktime; path = answer1.mov; sourceTree = "<group>"; };
		3ED109B029F0490C00AB8BAF /* correct.mp3 */ = {isa = PBXFileReference; lastKnownFileType = audio.mp3; path = correct.mp3; sourceTree = "<group>"; };
		3ED109B129F0490C00AB8BAF /* play.mp3 */ = {isa = PBXFileReference; lastKnownFileType = audio.mp3; path = play.mp3; sourceTree = "<group>"; };
		3ED109B229F0490C00AB8BAF /* wrong.mp3 */ = {isa = PBXFileReference; lastKnownFileType = audio.mp3; path = wrong.mp3; sourceTree = "<group>"; };
		3ED109B629F04BB500AB8BAF /* Info.plist */ = {isa = PBXFileReference; lastKnownFileType = text.plist; path = Info.plist; sourceTree = "<group>"; };
		3ED109B729F04DCC00AB8BAF /* PlaySound.swift */ = {isa = PBXFileReference; lastKnownFileType = sourcecode.swift; path = PlaySound.swift; sourceTree = "<group>"; };
		3EF23C7F29DAC07900189F8D /* SlideMath.app */ = {isa = PBXFileReference; explicitFileType = wrapper.application; includeInIndex = 0; path = SlideMath.app; sourceTree = BUILT_PRODUCTS_DIR; };
		3EF23C8229DAC07900189F8D /* SlideMathApp.swift */ = {isa = PBXFileReference; lastKnownFileType = sourcecode.swift; path = SlideMathApp.swift; sourceTree = "<group>"; };
		3EF23C8629DAC07A00189F8D /* Assets.xcassets */ = {isa = PBXFileReference; lastKnownFileType = folder.assetcatalog; path = Assets.xcassets; sourceTree = "<group>"; };
		3EF23C8929DAC07A00189F8D /* Preview Assets.xcassets */ = {isa = PBXFileReference; lastKnownFileType = folder.assetcatalog; path = "Preview Assets.xcassets"; sourceTree = "<group>"; };
		887DCCED29E7F9D00083653A /* CustomSlider.swift */ = {isa = PBXFileReference; lastKnownFileType = sourcecode.swift; path = CustomSlider.swift; sourceTree = "<group>"; };
		887DCCEF29E7FBD70083653A /* MainView.swift */ = {isa = PBXFileReference; lastKnownFileType = sourcecode.swift; path = MainView.swift; sourceTree = "<group>"; };
		889CBB2629E2E372005039CF /* QuestionView.swift */ = {isa = PBXFileReference; lastKnownFileType = sourcecode.swift; path = QuestionView.swift; sourceTree = "<group>"; };
/* End PBXFileReference section */

/* Begin PBXFrameworksBuildPhase section */
		3EF23C7C29DAC07900189F8D /* Frameworks */ = {
			isa = PBXFrameworksBuildPhase;
			buildActionMask = 2147483647;
			files = (
			);
			runOnlyForDeploymentPostprocessing = 0;
		};
/* End PBXFrameworksBuildPhase section */

/* Begin PBXGroup section */
		37B04B7829E4F43B0014433B /* Helpers */ = {
			isa = PBXGroup;
			children = (
				37B04B7929E4F4720014433B /* Spotlight.swift */,
				3ED109B729F04DCC00AB8BAF /* PlaySound.swift */,
			);
			path = Helpers;
			sourceTree = "<group>";
		};
		3E635A6129E85793001989EA /* Extension */ = {
			isa = PBXGroup;
			children = (
				3E2F949629DEA45B00A03B0B /* Color+Ext.swift */,
				3E635A5D29E85761001989EA /* View+RoundedCorner.swift */,
				3E635A5F29E8578D001989EA /* View+Hidden.swift */,
			);
			path = Extension;
			sourceTree = "<group>";
		};
		3EA1463E29EA56520031EF66 /* Model */ = {
			isa = PBXGroup;
			children = (
				3E635A6229E85A3A001989EA /* Question.swift */,
			);
			path = Model;
			sourceTree = "<group>";
		};
		3EA1463F29EA56590031EF66 /* View Model */ = {
			isa = PBXGroup;
			children = (
				3E635A6429E85AD6001989EA /* QuestionViewModel.swift */,
			);
			path = "View Model";
			sourceTree = "<group>";
		};
		3EA1681E29DEBF7200BEC247 /* View */ = {
			isa = PBXGroup;
			children = (
				3E2F949229DE7E9700A03B0B /* ResultView.swift */,
				889CBB2629E2E372005039CF /* QuestionView.swift */,
				3E2301EC29E7D235009D8B7A /* MapView.swift */,
				887DCCEF29E7FBD70083653A /* MainView.swift */,
				3ED1099729EFC08900AB8BAF /* VideoView.swift */,
			);
			path = View;
			sourceTree = "<group>";
		};
		3EA1681F29DEBF8000BEC247 /* Component */ = {
			isa = PBXGroup;
			children = (
				3E2F949429DEA0CF00A03B0B /* PrimaryButton.swift */,
				3E2F949829DEB31200A03B0B /* SecondaryButton.swift */,
				887DCCED29E7F9D00083653A /* CustomSlider.swift */,
			);
			path = Component;
			sourceTree = "<group>";
		};
		3EF23C7629DAC07900189F8D = {
			isa = PBXGroup;
			children = (
				3EF23C8029DAC07900189F8D /* Products */,
				3EF23C8129DAC07900189F8D /* SlideMath */,
			);
			sourceTree = "<group>";
		};
		3EF23C8029DAC07900189F8D /* Products */ = {
			isa = PBXGroup;
			children = (
				3EF23C7F29DAC07900189F8D /* SlideMath.app */,
			);
			name = Products;
			sourceTree = "<group>";
		};
		3EF23C8129DAC07900189F8D /* SlideMath */ = {
			isa = PBXGroup;
			children = (
				3ED109B629F04BB500AB8BAF /* Info.plist */,
				3EF23C8229DAC07900189F8D /* SlideMathApp.swift */,
				3E635A6129E85793001989EA /* Extension */,
				37B04B7829E4F43B0014433B /* Helpers */,
				3EA1681F29DEBF8000BEC247 /* Component */,
				3EA1681E29DEBF7200BEC247 /* View */,
				3EF23C8629DAC07A00189F8D /* Assets.xcassets */,
				3ED1099929EFC16C00AB8BAF /* answer1.mov */,
				3ED109B029F0490C00AB8BAF /* correct.mp3 */,
				3ED109B129F0490C00AB8BAF /* play.mp3 */,
				3ED109B229F0490C00AB8BAF /* wrong.mp3 */,
				3EF23C8829DAC07A00189F8D /* Preview Content */,
				3EA1463E29EA56520031EF66 /* Model */,
				3EA1463F29EA56590031EF66 /* View Model */,
			);
			path = SlideMath;
			sourceTree = "<group>";
		};
		3EF23C8829DAC07A00189F8D /* Preview Content */ = {
			isa = PBXGroup;
			children = (
				3EF23C8929DAC07A00189F8D /* Preview Assets.xcassets */,
			);
			path = "Preview Content";
			sourceTree = "<group>";
		};
/* End PBXGroup section */

/* Begin PBXNativeTarget section */
		3EF23C7E29DAC07900189F8D /* SlideMath */ = {
			isa = PBXNativeTarget;
			buildConfigurationList = 3EF23C8D29DAC07A00189F8D /* Build configuration list for PBXNativeTarget "SlideMath" */;
			buildPhases = (
				3EF23C7B29DAC07900189F8D /* Sources */,
				3EF23C7C29DAC07900189F8D /* Frameworks */,
				3EF23C7D29DAC07900189F8D /* Resources */,
			);
			buildRules = (
			);
			dependencies = (
			);
			name = SlideMath;
			productName = SlideMath;
			productReference = 3EF23C7F29DAC07900189F8D /* SlideMath.app */;
			productType = "com.apple.product-type.application";
		};
/* End PBXNativeTarget section */

/* Begin PBXProject section */
		3EF23C7729DAC07900189F8D /* Project object */ = {
			isa = PBXProject;
			attributes = {
				BuildIndependentTargetsInParallel = 1;
				LastSwiftUpdateCheck = 1430;
				LastUpgradeCheck = 1430;
				TargetAttributes = {
					3EF23C7E29DAC07900189F8D = {
						CreatedOnToolsVersion = 14.3;
					};
				};
			};
			buildConfigurationList = 3EF23C7A29DAC07900189F8D /* Build configuration list for PBXProject "SlideMath" */;
			compatibilityVersion = "Xcode 14.0";
			developmentRegion = en;
			hasScannedForEncodings = 0;
			knownRegions = (
				en,
				Base,
			);
			mainGroup = 3EF23C7629DAC07900189F8D;
			productRefGroup = 3EF23C8029DAC07900189F8D /* Products */;
			projectDirPath = "";
			projectRoot = "";
			targets = (
				3EF23C7E29DAC07900189F8D /* SlideMath */,
			);
		};
/* End PBXProject section */

/* Begin PBXResourcesBuildPhase section */
		3EF23C7D29DAC07900189F8D /* Resources */ = {
			isa = PBXResourcesBuildPhase;
			buildActionMask = 2147483647;
			files = (
				3ED1099A29EFC16C00AB8BAF /* answer1.mov in Resources */,
				3ED109B429F0490C00AB8BAF /* play.mp3 in Resources */,
				3EF23C8A29DAC07A00189F8D /* Preview Assets.xcassets in Resources */,
				3EF23C8729DAC07A00189F8D /* Assets.xcassets in Resources */,
				3ED109B529F0490C00AB8BAF /* wrong.mp3 in Resources */,
				3ED109B329F0490C00AB8BAF /* correct.mp3 in Resources */,
			);
			runOnlyForDeploymentPostprocessing = 0;
		};
/* End PBXResourcesBuildPhase section */

/* Begin PBXSourcesBuildPhase section */
		3EF23C7B29DAC07900189F8D /* Sources */ = {
			isa = PBXSourcesBuildPhase;
			buildActionMask = 2147483647;
			files = (
				37B04B7A29E4F4720014433B /* Spotlight.swift in Sources */,
				887DCCEE29E7F9D00083653A /* CustomSlider.swift in Sources */,
				3E2F949929DEB31200A03B0B /* SecondaryButton.swift in Sources */,
				3E635A5E29E85761001989EA /* View+RoundedCorner.swift in Sources */,
				3EF23C8329DAC07900189F8D /* SlideMathApp.swift in Sources */,
				889CBB2729E2E372005039CF /* QuestionView.swift in Sources */,
				3ED1099829EFC08900AB8BAF /* VideoView.swift in Sources */,
				3E2F949529DEA0CF00A03B0B /* PrimaryButton.swift in Sources */,
				3E635A6029E8578D001989EA /* View+Hidden.swift in Sources */,
				3ED109B829F04DCC00AB8BAF /* PlaySound.swift in Sources */,
				3E635A6529E85AD6001989EA /* QuestionViewModel.swift in Sources */,
				3E635A6329E85A3A001989EA /* Question.swift in Sources */,
				887DCCF029E7FBD70083653A /* MainView.swift in Sources */,
				3E2F949329DE7E9700A03B0B /* ResultView.swift in Sources */,
				3E2301ED29E7D235009D8B7A /* MapView.swift in Sources */,
				3E2F949729DEA45B00A03B0B /* Color+Ext.swift in Sources */,
			);
			runOnlyForDeploymentPostprocessing = 0;
		};
/* End PBXSourcesBuildPhase section */

/* Begin XCBuildConfiguration section */
		3EF23C8B29DAC07A00189F8D /* Debug */ = {
			isa = XCBuildConfiguration;
			buildSettings = {
				ALWAYS_SEARCH_USER_PATHS = NO;
				CLANG_ANALYZER_NONNULL = YES;
				CLANG_ANALYZER_NUMBER_OBJECT_CONVERSION = YES_AGGRESSIVE;
				CLANG_CXX_LANGUAGE_STANDARD = "gnu++20";
				CLANG_ENABLE_MODULES = YES;
				CLANG_ENABLE_OBJC_ARC = YES;
				CLANG_ENABLE_OBJC_WEAK = YES;
				CLANG_WARN_BLOCK_CAPTURE_AUTORELEASING = YES;
				CLANG_WARN_BOOL_CONVERSION = YES;
				CLANG_WARN_COMMA = YES;
				CLANG_WARN_CONSTANT_CONVERSION = YES;
				CLANG_WARN_DEPRECATED_OBJC_IMPLEMENTATIONS = YES;
				CLANG_WARN_DIRECT_OBJC_ISA_USAGE = YES_ERROR;
				CLANG_WARN_DOCUMENTATION_COMMENTS = YES;
				CLANG_WARN_EMPTY_BODY = YES;
				CLANG_WARN_ENUM_CONVERSION = YES;
				CLANG_WARN_INFINITE_RECURSION = YES;
				CLANG_WARN_INT_CONVERSION = YES;
				CLANG_WARN_NON_LITERAL_NULL_CONVERSION = YES;
				CLANG_WARN_OBJC_IMPLICIT_RETAIN_SELF = YES;
				CLANG_WARN_OBJC_LITERAL_CONVERSION = YES;
				CLANG_WARN_OBJC_ROOT_CLASS = YES_ERROR;
				CLANG_WARN_QUOTED_INCLUDE_IN_FRAMEWORK_HEADER = YES;
				CLANG_WARN_RANGE_LOOP_ANALYSIS = YES;
				CLANG_WARN_STRICT_PROTOTYPES = YES;
				CLANG_WARN_SUSPICIOUS_MOVE = YES;
				CLANG_WARN_UNGUARDED_AVAILABILITY = YES_AGGRESSIVE;
				CLANG_WARN_UNREACHABLE_CODE = YES;
				CLANG_WARN__DUPLICATE_METHOD_MATCH = YES;
				COPY_PHASE_STRIP = NO;
				DEBUG_INFORMATION_FORMAT = dwarf;
				ENABLE_STRICT_OBJC_MSGSEND = YES;
				ENABLE_TESTABILITY = YES;
				GCC_C_LANGUAGE_STANDARD = gnu11;
				GCC_DYNAMIC_NO_PIC = NO;
				GCC_NO_COMMON_BLOCKS = YES;
				GCC_OPTIMIZATION_LEVEL = 0;
				GCC_PREPROCESSOR_DEFINITIONS = (
					"DEBUG=1",
					"$(inherited)",
				);
				GCC_WARN_64_TO_32_BIT_CONVERSION = YES;
				GCC_WARN_ABOUT_RETURN_TYPE = YES_ERROR;
				GCC_WARN_UNDECLARED_SELECTOR = YES;
				GCC_WARN_UNINITIALIZED_AUTOS = YES_AGGRESSIVE;
				GCC_WARN_UNUSED_FUNCTION = YES;
				GCC_WARN_UNUSED_VARIABLE = YES;
				IPHONEOS_DEPLOYMENT_TARGET = 16.4;
				MTL_ENABLE_DEBUG_INFO = INCLUDE_SOURCE;
				MTL_FAST_MATH = YES;
				ONLY_ACTIVE_ARCH = YES;
				SDKROOT = iphoneos;
				SWIFT_ACTIVE_COMPILATION_CONDITIONS = DEBUG;
				SWIFT_OPTIMIZATION_LEVEL = "-Onone";
			};
			name = Debug;
		};
		3EF23C8C29DAC07A00189F8D /* Release */ = {
			isa = XCBuildConfiguration;
			buildSettings = {
				ALWAYS_SEARCH_USER_PATHS = NO;
				CLANG_ANALYZER_NONNULL = YES;
				CLANG_ANALYZER_NUMBER_OBJECT_CONVERSION = YES_AGGRESSIVE;
				CLANG_CXX_LANGUAGE_STANDARD = "gnu++20";
				CLANG_ENABLE_MODULES = YES;
				CLANG_ENABLE_OBJC_ARC = YES;
				CLANG_ENABLE_OBJC_WEAK = YES;
				CLANG_WARN_BLOCK_CAPTURE_AUTORELEASING = YES;
				CLANG_WARN_BOOL_CONVERSION = YES;
				CLANG_WARN_COMMA = YES;
				CLANG_WARN_CONSTANT_CONVERSION = YES;
				CLANG_WARN_DEPRECATED_OBJC_IMPLEMENTATIONS = YES;
				CLANG_WARN_DIRECT_OBJC_ISA_USAGE = YES_ERROR;
				CLANG_WARN_DOCUMENTATION_COMMENTS = YES;
				CLANG_WARN_EMPTY_BODY = YES;
				CLANG_WARN_ENUM_CONVERSION = YES;
				CLANG_WARN_INFINITE_RECURSION = YES;
				CLANG_WARN_INT_CONVERSION = YES;
				CLANG_WARN_NON_LITERAL_NULL_CONVERSION = YES;
				CLANG_WARN_OBJC_IMPLICIT_RETAIN_SELF = YES;
				CLANG_WARN_OBJC_LITERAL_CONVERSION = YES;
				CLANG_WARN_OBJC_ROOT_CLASS = YES_ERROR;
				CLANG_WARN_QUOTED_INCLUDE_IN_FRAMEWORK_HEADER = YES;
				CLANG_WARN_RANGE_LOOP_ANALYSIS = YES;
				CLANG_WARN_STRICT_PROTOTYPES = YES;
				CLANG_WARN_SUSPICIOUS_MOVE = YES;
				CLANG_WARN_UNGUARDED_AVAILABILITY = YES_AGGRESSIVE;
				CLANG_WARN_UNREACHABLE_CODE = YES;
				CLANG_WARN__DUPLICATE_METHOD_MATCH = YES;
				COPY_PHASE_STRIP = NO;
				DEBUG_INFORMATION_FORMAT = "dwarf-with-dsym";
				ENABLE_NS_ASSERTIONS = NO;
				ENABLE_STRICT_OBJC_MSGSEND = YES;
				GCC_C_LANGUAGE_STANDARD = gnu11;
				GCC_NO_COMMON_BLOCKS = YES;
				GCC_WARN_64_TO_32_BIT_CONVERSION = YES;
				GCC_WARN_ABOUT_RETURN_TYPE = YES_ERROR;
				GCC_WARN_UNDECLARED_SELECTOR = YES;
				GCC_WARN_UNINITIALIZED_AUTOS = YES_AGGRESSIVE;
				GCC_WARN_UNUSED_FUNCTION = YES;
				GCC_WARN_UNUSED_VARIABLE = YES;
				IPHONEOS_DEPLOYMENT_TARGET = 16.4;
				MTL_ENABLE_DEBUG_INFO = NO;
				MTL_FAST_MATH = YES;
				SDKROOT = iphoneos;
				SWIFT_COMPILATION_MODE = wholemodule;
				SWIFT_OPTIMIZATION_LEVEL = "-O";
				VALIDATE_PRODUCT = YES;
			};
			name = Release;
		};
		3EF23C8E29DAC07A00189F8D /* Debug */ = {
			isa = XCBuildConfiguration;
			buildSettings = {
				ASSETCATALOG_COMPILER_APPICON_NAME = AppIcon;
				ASSETCATALOG_COMPILER_GLOBAL_ACCENT_COLOR_NAME = AccentColor;
				CODE_SIGN_STYLE = Automatic;
				CURRENT_PROJECT_VERSION = 1;
				DEVELOPMENT_ASSET_PATHS = "\"SlideMath/Preview Content\"";
				DEVELOPMENT_TEAM = S3Z84JBVGM;
				ENABLE_PREVIEWS = YES;
				GENERATE_INFOPLIST_FILE = YES;
				INFOPLIST_FILE = SlideMath/Info.plist;
				INFOPLIST_KEY_UIApplicationSceneManifest_Generation = YES;
				INFOPLIST_KEY_UIApplicationSupportsIndirectInputEvents = YES;
				INFOPLIST_KEY_UILaunchScreen_Generation = YES;
				INFOPLIST_KEY_UISupportedInterfaceOrientations_iPad = "UIInterfaceOrientationPortrait UIInterfaceOrientationPortraitUpsideDown UIInterfaceOrientationLandscapeLeft UIInterfaceOrientationLandscapeRight";
				INFOPLIST_KEY_UISupportedInterfaceOrientations_iPhone = "UIInterfaceOrientationPortrait UIInterfaceOrientationLandscapeLeft UIInterfaceOrientationLandscapeRight";
				IPHONEOS_DEPLOYMENT_TARGET = 16.2;
				LD_RUNPATH_SEARCH_PATHS = (
					"$(inherited)",
					"@executable_path/Frameworks",
				);
				MARKETING_VERSION = 1.0;
				PRODUCT_BUNDLE_IDENTIFIER = com.wahidhidayat.SlideMath;
				PRODUCT_NAME = "$(TARGET_NAME)";
				SWIFT_EMIT_LOC_STRINGS = YES;
				SWIFT_VERSION = 5.0;
				TARGETED_DEVICE_FAMILY = "1,2";
			};
			name = Debug;
		};
		3EF23C8F29DAC07A00189F8D /* Release */ = {
			isa = XCBuildConfiguration;
			buildSettings = {
				ASSETCATALOG_COMPILER_APPICON_NAME = AppIcon;
				ASSETCATALOG_COMPILER_GLOBAL_ACCENT_COLOR_NAME = AccentColor;
				CODE_SIGN_STYLE = Automatic;
				CURRENT_PROJECT_VERSION = 1;
				DEVELOPMENT_ASSET_PATHS = "\"SlideMath/Preview Content\"";
				DEVELOPMENT_TEAM = S3Z84JBVGM;
				ENABLE_PREVIEWS = YES;
				GENERATE_INFOPLIST_FILE = YES;
				INFOPLIST_FILE = SlideMath/Info.plist;
				INFOPLIST_KEY_UIApplicationSceneManifest_Generation = YES;
				INFOPLIST_KEY_UIApplicationSupportsIndirectInputEvents = YES;
				INFOPLIST_KEY_UILaunchScreen_Generation = YES;
				INFOPLIST_KEY_UISupportedInterfaceOrientations_iPad = "UIInterfaceOrientationPortrait UIInterfaceOrientationPortraitUpsideDown UIInterfaceOrientationLandscapeLeft UIInterfaceOrientationLandscapeRight";
				INFOPLIST_KEY_UISupportedInterfaceOrientations_iPhone = "UIInterfaceOrientationPortrait UIInterfaceOrientationLandscapeLeft UIInterfaceOrientationLandscapeRight";
				IPHONEOS_DEPLOYMENT_TARGET = 16.2;
				LD_RUNPATH_SEARCH_PATHS = (
					"$(inherited)",
					"@executable_path/Frameworks",
				);
				MARKETING_VERSION = 1.0;
				PRODUCT_BUNDLE_IDENTIFIER = com.wahidhidayat.SlideMath;
				PRODUCT_NAME = "$(TARGET_NAME)";
				SWIFT_EMIT_LOC_STRINGS = YES;
				SWIFT_VERSION = 5.0;
				TARGETED_DEVICE_FAMILY = "1,2";
			};
			name = Release;
		};
/* End XCBuildConfiguration section */

/* Begin XCConfigurationList section */
		3EF23C7A29DAC07900189F8D /* Build configuration list for PBXProject "SlideMath" */ = {
			isa = XCConfigurationList;
			buildConfigurations = (
				3EF23C8B29DAC07A00189F8D /* Debug */,
				3EF23C8C29DAC07A00189F8D /* Release */,
			);
			defaultConfigurationIsVisible = 0;
			defaultConfigurationName = Release;
		};
		3EF23C8D29DAC07A00189F8D /* Build configuration list for PBXNativeTarget "SlideMath" */ = {
			isa = XCConfigurationList;
			buildConfigurations = (
				3EF23C8E29DAC07A00189F8D /* Debug */,
				3EF23C8F29DAC07A00189F8D /* Release */,
			);
			defaultConfigurationIsVisible = 0;
			defaultConfigurationName = Release;
		};
/* End XCConfigurationList section */
	};
	rootObject = 3EF23C7729DAC07900189F8D /* Project object */;
}
